
Microsoft Visual Studio Solution File, Format Version 12.00
# Visual Studio Version 17
VisualStudioVersion = 17.7.34202.233
MinimumVisualStudioVersion = 10.0.40219.1
Project("{9A19103F-16F7-4668-BE54-9A1E7A4F7556}") = "HouseRentingSystem", "HouseRentingSystem\HouseRentingSystem.csproj", "{0F3D9FDA-7EB0-435C-B20A-59B64053098F}"
EndProject
Project("{FAE04EC0-301F-11D3-BF4B-00C04F79EFBC}") = "HouseRentingSystem.Core", "HouseRentingSystem.Core\HouseRentingSystem.Core.csproj", "{CFB66B23-8AF0-4C50-AE3A-0C0ABDFD1610}"
EndProject
Project("{FAE04EC0-301F-11D3-BF4B-00C04F79EFBC}") = "HouseRentingSystem.Infrastructure", "HouseRentingSystem.Infrastructure\HouseRentingSystem.Infrastructure.csproj", "{28AE68CD-CDA4-4579-B0B6-DB4DE82390C6}"
EndProject
Global
	GlobalSection(SolutionConfigurationPlatforms) = preSolution
		Debug|Any CPU = Debug|Any CPU
		Release|Any CPU = Release|Any CPU
	EndGlobalSection
	GlobalSection(ProjectConfigurationPlatforms) = postSolution
		{0F3D9FDA-7EB0-435C-B20A-59B64053098F}.Debug|Any CPU.ActiveCfg = Debug|Any CPU
		{0F3D9FDA-7EB0-435C-B20A-59B64053098F}.Debug|Any CPU.Build.0 = Debug|Any CPU
		{0F3D9FDA-7EB0-435C-B20A-59B64053098F}.Release|Any CPU.ActiveCfg = Release|Any CPU
		{0F3D9FDA-7EB0-435C-B20A-59B64053098F}.Release|Any CPU.Build.0 = Release|Any CPU
		{CFB66B23-8AF0-4C50-AE3A-0C0ABDFD1610}.Debug|Any CPU.ActiveCfg = Debug|Any CPU
		{CFB66B23-8AF0-4C50-AE3A-0C0ABDFD1610}.Debug|Any CPU.Build.0 = Debug|Any CPU
		{CFB66B23-8AF0-4C50-AE3A-0C0ABDFD1610}.Release|Any CPU.ActiveCfg = Release|Any CPU
		{CFB66B23-8AF0-4C50-AE3A-0C0ABDFD1610}.Release|Any CPU.Build.0 = Release|Any CPU
		{28AE68CD-CDA4-4579-B0B6-DB4DE82390C6}.Debug|Any CPU.ActiveCfg = Debug|Any CPU
		{28AE68CD-CDA4-4579-B0B6-DB4DE82390C6}.Debug|Any CPU.Build.0 = Debug|Any CPU
		{28AE68CD-CDA4-4579-B0B6-DB4DE82390C6}.Release|Any CPU.ActiveCfg = Release|Any CPU
		{28AE68CD-CDA4-4579-B0B6-DB4DE82390C6}.Release|Any CPU.Build.0 = Release|Any CPU
	EndGlobalSection
	GlobalSection(SolutionProperties) = preSolution
		HideSolutionNode = FALSE
	EndGlobalSection
	GlobalSection(ExtensibilityGlobals) = postSolution
		SolutionGuid = {81BCC1D0-BAA2-4E2E-A5D2-F5C2D520BDAC}
	EndGlobalSection
EndGlobal
